{
  "name": "cubismo-addin-1c",
  "version": "0.0.1",
  "lockfileVersion": 2,
  "requires": true,
  "packages": {
    "": {
      "name": "cubismo-addin-1c",
      "version": "0.0.1",
      "license": "MIT",
      "dependencies": {
        "converter-1c-internal": "^1.0.8"
      }
    },
    "node_modules/converter-1c-internal": {
      "version": "1.0.8",
      "resolved": "https://registry.npmjs.org/converter-1c-internal/-/converter-1c-internal-1.0.8.tgz",
      "integrity": "sha512-Pp77aSkyqUxvx2x5d4OZJqIflRNdtqo1GjbcYnKbbnzRijluvZmEW0As4nYHHlIG/iOUQxoFRwOiPGkKLZq/WA=="
    }
  },
  "dependencies": {
    "converter-1c-internal": {
      "version": "1.0.8",
      "resolved": "https://registry.npmjs.org/converter-1c-internal/-/converter-1c-internal-1.0.8.tgz",
      "integrity": "sha512-Pp77aSkyqUxvx2x5d4OZJqIflRNdtqo1GjbcYnKbbnzRijluvZmEW0As4nYHHlIG/iOUQxoFRwOiPGkKLZq/WA=="
    }
  }
}
